
Microsoft Visual Studio Solution File, Format Version 12.00
# Visual Studio Version 17
VisualStudioVersion = 17.0.31903.59
MinimumVisualStudioVersion = 10.0.40219.1
Project("{FAE04EC0-301F-11D3-BF4B-00C04F79EFBC}") = "Shared.Abstract", "Shared.Abstract\Shared.Abstract.csproj", "{C551B610-9107-4C1F-B1C2-A2F4E6A3C3A0}"
EndProject
Global
	GlobalSection(SolutionConfigurationPlatforms) = preSolution
		Debug|Any CPU = Debug|Any CPU
		Release|Any CPU = Release|Any CPU
	EndGlobalSection
	GlobalSection(SolutionProperties) = preSolution
		HideSolutionNode = FALSE
	EndGlobalSection
	GlobalSection(ProjectConfigurationPlatforms) = postSolution
		{C551B610-9107-4C1F-B1C2-A2F4E6A3C3A0}.Debug|Any CPU.ActiveCfg = Debug|Any CPU
		{C551B610-9107-4C1F-B1C2-A2F4E6A3C3A0}.Debug|Any CPU.Build.0 = Debug|Any CPU
		{C551B610-9107-4C1F-B1C2-A2F4E6A3C3A0}.Release|Any CPU.ActiveCfg = Release|Any CPU
		{C551B610-9107-4C1F-B1C2-A2F4E6A3C3A0}.Release|Any CPU.Build.0 = Release|Any CPU
	EndGlobalSection
EndGlobal
